
Microsoft Visual Studio Solution File, Format Version 12.00
# Visual Studio 14
VisualStudioVersion = 14.0.25420.1
MinimumVisualStudioVersion = 10.0.40219.1
Project("{FAE04EC0-301F-11D3-BF4B-00C04F79EFBC}") = "CustomExtension", "CustomExtension\CustomExtension\CustomExtension.csproj", "{0AC3ED31-45E5-4F56-899B-C3C5974980A5}"
EndProject
Project("{FAE04EC0-301F-11D3-BF4B-00C04F79EFBC}") = "CustomExtension.Droid", "CustomExtension\CustomExtension.Droid\CustomExtension.Droid.csproj", "{780C0EEC-55E0-4BC6-8946-5450950E69DF}"
EndProject
Project("{FAE04EC0-301F-11D3-BF4B-00C04F79EFBC}") = "CustomExtension.iOS", "CustomExtension\CustomExtension.iOS\CustomExtension.iOS.csproj", "{561472F0-DB94-4289-8E61-8975E354E662}"
EndProject
Project("{FAE04EC0-301F-11D3-BF4B-00C04F79EFBC}") = "CustomExtension.WinPhone", "CustomExtension\CustomExtension.WinPhone\CustomExtension.WinPhone.csproj", "{C5B9725A-A01A-43F8-BEFC-F3FF04C490EC}"
EndProject
Project("{FAE04EC0-301F-11D3-BF4B-00C04F79EFBC}") = "CustomExtension.UWP", "CustomExtension\CustomExtension.UWP\CustomExtension.UWP.csproj", "{FFBBFF20-73CF-4C82-A5A7-540AEDAC7056}"
EndProject
Project("{FAE04EC0-301F-11D3-BF4B-00C04F79EFBC}") = "CustomExtension.Windows", "CustomExtension\CustomExtension.Windows\CustomExtension.Windows.csproj", "{61DBFF9B-25F3-4186-AC6B-9EF5A2F4D83E}"
EndProject
Project("{FAE04EC0-301F-11D3-BF4B-00C04F79EFBC}") = "Toolkit", "Toolkit\Toolkit.csproj", "{67F9D3A8-F71E-4428-913F-C37AE82CDB24}"
EndProject
Global
	GlobalSection(SolutionConfigurationPlatforms) = preSolution
		Ad-Hoc|Any CPU = Ad-Hoc|Any CPU
		Ad-Hoc|ARM = Ad-Hoc|ARM
		Ad-Hoc|iPhone = Ad-Hoc|iPhone
		Ad-Hoc|iPhoneSimulator = Ad-Hoc|iPhoneSimulator
		Ad-Hoc|x64 = Ad-Hoc|x64
		Ad-Hoc|x86 = Ad-Hoc|x86
		AppStore|Any CPU = AppStore|Any CPU
		AppStore|ARM = AppStore|ARM
		AppStore|iPhone = AppStore|iPhone
		AppStore|iPhoneSimulator = AppStore|iPhoneSimulator
		AppStore|x64 = AppStore|x64
		AppStore|x86 = AppStore|x86
		Debug|Any CPU = Debug|Any CPU
		Debug|ARM = Debug|ARM
		Debug|iPhone = Debug|iPhone
		Debug|iPhoneSimulator = Debug|iPhoneSimulator
		Debug|x64 = Debug|x64
		Debug|x86 = Debug|x86
		Release|Any CPU = Release|Any CPU
		Release|ARM = Release|ARM
		Release|iPhone = Release|iPhone
		Release|iPhoneSimulator = Release|iPhoneSimulator
		Release|x64 = Release|x64
		Release|x86 = Release|x86
	EndGlobalSection
	GlobalSection(ProjectConfigurationPlatforms) = postSolution
		{0AC3ED31-45E5-4F56-899B-C3C5974980A5}.Ad-Hoc|Any CPU.ActiveCfg = Release|Any CPU
		{0AC3ED31-45E5-4F56-899B-C3C5974980A5}.Ad-Hoc|Any CPU.Build.0 = Release|Any CPU
		{0AC3ED31-45E5-4F56-899B-C3C5974980A5}.Ad-Hoc|ARM.ActiveCfg = Release|Any CPU
		{0AC3ED31-45E5-4F56-899B-C3C5974980A5}.Ad-Hoc|ARM.Build.0 = Release|Any CPU
		{0AC3ED31-45E5-4F56-899B-C3C5974980A5}.Ad-Hoc|iPhone.ActiveCfg = Release|Any CPU
		{0AC3ED31-45E5-4F56-899B-C3C5974980A5}.Ad-Hoc|iPhone.Build.0 = Release|Any CPU
		{0AC3ED31-45E5-4F56-899B-C3C5974980A5}.Ad-Hoc|iPhoneSimulator.ActiveCfg = Release|Any CPU
		{0AC3ED31-45E5-4F56-899B-C3C5974980A5}.Ad-Hoc|iPhoneSimulator.Build.0 = Release|Any CPU
		{0AC3ED31-45E5-4F56-899B-C3C5974980A5}.Ad-Hoc|x64.ActiveCfg = Release|Any CPU
		{0AC3ED31-45E5-4F56-899B-C3C5974980A5}.Ad-Hoc|x64.Build.0 = Release|Any CPU
		{0AC3ED31-45E5-4F56-899B-C3C5974980A5}.Ad-Hoc|x86.ActiveCfg = Release|Any CPU
		{0AC3ED31-45E5-4F56-899B-C3C5974980A5}.Ad-Hoc|x86.Build.0 = Release|Any CPU
		{0AC3ED31-45E5-4F56-899B-C3C5974980A5}.AppStore|Any CPU.ActiveCfg = Release|Any CPU
		{0AC3ED31-45E5-4F56-899B-C3C5974980A5}.AppStore|Any CPU.Build.0 = Release|Any CPU
		{0AC3ED31-45E5-4F56-899B-C3C5974980A5}.AppStore|ARM.ActiveCfg = Release|Any CPU
		{0AC3ED31-45E5-4F56-899B-C3C5974980A5}.AppStore|ARM.Build.0 = Release|Any CPU
		{0AC3ED31-45E5-4F56-899B-C3C5974980A5}.AppStore|iPhone.ActiveCfg = Release|Any CPU
		{0AC3ED31-45E5-4F56-899B-C3C5974980A5}.AppStore|iPhone.Build.0 = Release|Any CPU
		{0AC3ED31-45E5-4F56-899B-C3C5974980A5}.AppStore|iPhoneSimulator.ActiveCfg = Release|Any CPU
		{0AC3ED31-45E5-4F56-899B-C3C5974980A5}.AppStore|iPhoneSimulator.Build.0 = Release|Any CPU
		{0AC3ED31-45E5-4F56-899B-C3C5974980A5}.AppStore|x64.ActiveCfg = Release|Any CPU
		{0AC3ED31-45E5-4F56-899B-C3C5974980A5}.AppStore|x64.Build.0 = Release|Any CPU
		{0AC3ED31-45E5-4F56-899B-C3C5974980A5}.AppStore|x86.ActiveCfg = Release|Any CPU
		{0AC3ED31-45E5-4F56-899B-C3C5974980A5}.AppStore|x86.Build.0 = Release|Any CPU
		{0AC3ED31-45E5-4F56-899B-C3C5974980A5}.Debug|Any CPU.ActiveCfg = Debug|Any CPU
		{0AC3ED31-45E5-4F56-899B-C3C5974980A5}.Debug|Any CPU.Build.0 = Debug|Any CPU
		{0AC3ED31-45E5-4F56-899B-C3C5974980A5}.Debug|ARM.ActiveCfg = Debug|Any CPU
		{0AC3ED31-45E5-4F56-899B-C3C5974980A5}.Debug|ARM.Build.0 = Debug|Any CPU
		{0AC3ED31-45E5-4F56-899B-C3C5974980A5}.Debug|iPhone.ActiveCfg = Debug|Any CPU
		{0AC3ED31-45E5-4F56-899B-C3C5974980A5}.Debug|iPhone.Build.0 = Debug|Any CPU
		{0AC3ED31-45E5-4F56-899B-C3C5974980A5}.Debug|iPhoneSimulator.ActiveCfg = Debug|Any CPU
		{0AC3ED31-45E5-4F56-899B-C3C5974980A5}.Debug|iPhoneSimulator.Build.0 = Debug|Any CPU
		{0AC3ED31-45E5-4F56-899B-C3C5974980A5}.Debug|x64.ActiveCfg = Debug|Any CPU
		{0AC3ED31-45E5-4F56-899B-C3C5974980A5}.Debug|x64.Build.0 = Debug|Any CPU
		{0AC3ED31-45E5-4F56-899B-C3C5974980A5}.Debug|x86.ActiveCfg = Debug|Any CPU
		{0AC3ED31-45E5-4F56-899B-C3C5974980A5}.Debug|x86.Build.0 = Debug|Any CPU
		{0AC3ED31-45E5-4F56-899B-C3C5974980A5}.Release|Any CPU.ActiveCfg = Release|Any CPU
		{0AC3ED31-45E5-4F56-899B-C3C5974980A5}.Release|Any CPU.Build.0 = Release|Any CPU
		{0AC3ED31-45E5-4F56-899B-C3C5974980A5}.Release|ARM.ActiveCfg = Release|Any CPU
		{0AC3ED31-45E5-4F56-899B-C3C5974980A5}.Release|ARM.Build.0 = Release|Any CPU
		{0AC3ED31-45E5-4F56-899B-C3C5974980A5}.Release|iPhone.ActiveCfg = Release|Any CPU
		{0AC3ED31-45E5-4F56-899B-C3C5974980A5}.Release|iPhone.Build.0 = Release|Any CPU
		{0AC3ED31-45E5-4F56-899B-C3C5974980A5}.Release|iPhoneSimulator.ActiveCfg = Release|Any CPU
		{0AC3ED31-45E5-4F56-899B-C3C5974980A5}.Release|iPhoneSimulator.Build.0 = Release|Any CPU
		{0AC3ED31-45E5-4F56-899B-C3C5974980A5}.Release|x64.ActiveCfg = Release|Any CPU
		{0AC3ED31-45E5-4F56-899B-C3C5974980A5}.Release|x64.Build.0 = Release|Any CPU
		{0AC3ED31-45E5-4F56-899B-C3C5974980A5}.Release|x86.ActiveCfg = Release|Any CPU
		{0AC3ED31-45E5-4F56-899B-C3C5974980A5}.Release|x86.Build.0 = Release|Any CPU
		{780C0EEC-55E0-4BC6-8946-5450950E69DF}.Ad-Hoc|Any CPU.ActiveCfg = Release|Any CPU
		{780C0EEC-55E0-4BC6-8946-5450950E69DF}.Ad-Hoc|Any CPU.Build.0 = Release|Any CPU
		{780C0EEC-55E0-4BC6-8946-5450950E69DF}.Ad-Hoc|Any CPU.Deploy.0 = Release|Any CPU
		{780C0EEC-55E0-4BC6-8946-5450950E69DF}.Ad-Hoc|ARM.ActiveCfg = Release|Any CPU
		{780C0EEC-55E0-4BC6-8946-5450950E69DF}.Ad-Hoc|ARM.Build.0 = Release|Any CPU
		{780C0EEC-55E0-4BC6-8946-5450950E69DF}.Ad-Hoc|ARM.Deploy.0 = Release|Any CPU
		{780C0EEC-55E0-4BC6-8946-5450950E69DF}.Ad-Hoc|iPhone.ActiveCfg = Release|Any CPU
		{780C0EEC-55E0-4BC6-8946-5450950E69DF}.Ad-Hoc|iPhone.Build.0 = Release|Any CPU
		{780C0EEC-55E0-4BC6-8946-5450950E69DF}.Ad-Hoc|iPhone.Deploy.0 = Release|Any CPU
		{780C0EEC-55E0-4BC6-8946-5450950E69DF}.Ad-Hoc|iPhoneSimulator.ActiveCfg = Release|Any CPU
		{780C0EEC-55E0-4BC6-8946-5450950E69DF}.Ad-Hoc|iPhoneSimulator.Build.0 = Release|Any CPU
		{780C0EEC-55E0-4BC6-8946-5450950E69DF}.Ad-Hoc|iPhoneSimulator.Deploy.0 = Release|Any CPU
		{780C0EEC-55E0-4BC6-8946-5450950E69DF}.Ad-Hoc|x64.ActiveCfg = Release|Any CPU
		{780C0EEC-55E0-4BC6-8946-5450950E69DF}.Ad-Hoc|x64.Build.0 = Release|Any CPU
		{780C0EEC-55E0-4BC6-8946-5450950E69DF}.Ad-Hoc|x64.Deploy.0 = Release|Any CPU
		{780C0EEC-55E0-4BC6-8946-5450950E69DF}.Ad-Hoc|x86.ActiveCfg = Release|Any CPU
		{780C0EEC-55E0-4BC6-8946-5450950E69DF}.Ad-Hoc|x86.Build.0 = Release|Any CPU
		{780C0EEC-55E0-4BC6-8946-5450950E69DF}.Ad-Hoc|x86.Deploy.0 = Release|Any CPU
		{780C0EEC-55E0-4BC6-8946-5450950E69DF}.AppStore|Any CPU.ActiveCfg = Release|Any CPU
		{780C0EEC-55E0-4BC6-8946-5450950E69DF}.AppStore|Any CPU.Build.0 = Release|Any CPU
		{780C0EEC-55E0-4BC6-8946-5450950E69DF}.AppStore|Any CPU.Deploy.0 = Release|Any CPU
		{780C0EEC-55E0-4BC6-8946-5450950E69DF}.AppStore|ARM.ActiveCfg = Release|Any CPU
		{780C0EEC-55E0-4BC6-8946-5450950E69DF}.AppStore|ARM.Build.0 = Release|Any CPU
		{780C0EEC-55E0-4BC6-8946-5450950E69DF}.AppStore|ARM.Deploy.0 = Release|Any CPU
		{780C0EEC-55E0-4BC6-8946-5450950E69DF}.AppStore|iPhone.ActiveCfg = Release|Any CPU
		{780C0EEC-55E0-4BC6-8946-5450950E69DF}.AppStore|iPhone.Build.0 = Release|Any CPU
		{780C0EEC-55E0-4BC6-8946-5450950E69DF}.AppStore|iPhone.Deploy.0 = Release|Any CPU
		{780C0EEC-55E0-4BC6-8946-5450950E69DF}.AppStore|iPhoneSimulator.ActiveCfg = Release|Any CPU
		{780C0EEC-55E0-4BC6-8946-5450950E69DF}.AppStore|iPhoneSimulator.Build.0 = Release|Any CPU
		{780C0EEC-55E0-4BC6-8946-5450950E69DF}.AppStore|iPhoneSimulator.Deploy.0 = Release|Any CPU
		{780C0EEC-55E0-4BC6-8946-5450950E69DF}.AppStore|x64.ActiveCfg = Release|Any CPU
		{780C0EEC-55E0-4BC6-8946-5450950E69DF}.AppStore|x64.Build.0 = Release|Any CPU
		{780C0EEC-55E0-4BC6-8946-5450950E69DF}.AppStore|x64.Deploy.0 = Release|Any CPU
		{780C0EEC-55E0-4BC6-8946-5450950E69DF}.AppStore|x86.ActiveCfg = Release|Any CPU
		{780C0EEC-55E0-4BC6-8946-5450950E69DF}.AppStore|x86.Build.0 = Release|Any CPU
		{780C0EEC-55E0-4BC6-8946-5450950E69DF}.AppStore|x86.Deploy.0 = Release|Any CPU
		{780C0EEC-55E0-4BC6-8946-5450950E69DF}.Debug|Any CPU.ActiveCfg = Debug|Any CPU
		{780C0EEC-55E0-4BC6-8946-5450950E69DF}.Debug|Any CPU.Build.0 = Debug|Any CPU
		{780C0EEC-55E0-4BC6-8946-5450950E69DF}.Debug|Any CPU.Deploy.0 = Debug|Any CPU
		{780C0EEC-55E0-4BC6-8946-5450950E69DF}.Debug|ARM.ActiveCfg = Debug|Any CPU
		{780C0EEC-55E0-4BC6-8946-5450950E69DF}.Debug|ARM.Build.0 = Debug|Any CPU
		{780C0EEC-55E0-4BC6-8946-5450950E69DF}.Debug|ARM.Deploy.0 = Debug|Any CPU
		{780C0EEC-55E0-4BC6-8946-5450950E69DF}.Debug|iPhone.ActiveCfg = Debug|Any CPU
		{780C0EEC-55E0-4BC6-8946-5450950E69DF}.Debug|iPhone.Build.0 = Debug|Any CPU
		{780C0EEC-55E0-4BC6-8946-5450950E69DF}.Debug|iPhone.Deploy.0 = Debug|Any CPU
		{780C0EEC-55E0-4BC6-8946-5450950E69DF}.Debug|iPhoneSimulator.ActiveCfg = Debug|Any CPU
		{780C0EEC-55E0-4BC6-8946-5450950E69DF}.Debug|iPhoneSimulator.Build.0 = Debug|Any CPU
		{780C0EEC-55E0-4BC6-8946-5450950E69DF}.Debug|iPhoneSimulator.Deploy.0 = Debug|Any CPU
		{780C0EEC-55E0-4BC6-8946-5450950E69DF}.Debug|x64.ActiveCfg = Debug|Any CPU
		{780C0EEC-55E0-4BC6-8946-5450950E69DF}.Debug|x64.Build.0 = Debug|Any CPU
		{780C0EEC-55E0-4BC6-8946-5450950E69DF}.Debug|x64.Deploy.0 = Debug|Any CPU
		{780C0EEC-55E0-4BC6-8946-5450950E69DF}.Debug|x86.ActiveCfg = Debug|Any CPU
		{780C0EEC-55E0-4BC6-8946-5450950E69DF}.Debug|x86.Build.0 = Debug|Any CPU
		{780C0EEC-55E0-4BC6-8946-5450950E69DF}.Debug|x86.Deploy.0 = Debug|Any CPU
		{780C0EEC-55E0-4BC6-8946-5450950E69DF}.Release|Any CPU.ActiveCfg = Release|Any CPU
		{780C0EEC-55E0-4BC6-8946-5450950E69DF}.Release|Any CPU.Build.0 = Release|Any CPU
		{780C0EEC-55E0-4BC6-8946-5450950E69DF}.Release|Any CPU.Deploy.0 = Release|Any CPU
		{780C0EEC-55E0-4BC6-8946-5450950E69DF}.Release|ARM.ActiveCfg = Release|Any CPU
		{780C0EEC-55E0-4BC6-8946-5450950E69DF}.Release|ARM.Build.0 = Release|Any CPU
		{780C0EEC-55E0-4BC6-8946-5450950E69DF}.Release|ARM.Deploy.0 = Release|Any CPU
		{780C0EEC-55E0-4BC6-8946-5450950E69DF}.Release|iPhone.ActiveCfg = Release|Any CPU
		{780C0EEC-55E0-4BC6-8946-5450950E69DF}.Release|iPhone.Build.0 = Release|Any CPU
		{780C0EEC-55E0-4BC6-8946-5450950E69DF}.Release|iPhone.Deploy.0 = Release|Any CPU
		{780C0EEC-55E0-4BC6-8946-5450950E69DF}.Release|iPhoneSimulator.ActiveCfg = Release|Any CPU
		{780C0EEC-55E0-4BC6-8946-5450950E69DF}.Release|iPhoneSimulator.Build.0 = Release|Any CPU
		{780C0EEC-55E0-4BC6-8946-5450950E69DF}.Release|iPhoneSimulator.Deploy.0 = Release|Any CPU
		{780C0EEC-55E0-4BC6-8946-5450950E69DF}.Release|x64.ActiveCfg = Release|Any CPU
		{780C0EEC-55E0-4BC6-8946-5450950E69DF}.Release|x64.Build.0 = Release|Any CPU
		{780C0EEC-55E0-4BC6-8946-5450950E69DF}.Release|x64.Deploy.0 = Release|Any CPU
		{780C0EEC-55E0-4BC6-8946-5450950E69DF}.Release|x86.ActiveCfg = Release|Any CPU
		{780C0EEC-55E0-4BC6-8946-5450950E69DF}.Release|x86.Build.0 = Release|Any CPU
		{780C0EEC-55E0-4BC6-8946-5450950E69DF}.Release|x86.Deploy.0 = Release|Any CPU
		{561472F0-DB94-4289-8E61-8975E354E662}.Ad-Hoc|Any CPU.ActiveCfg = Ad-Hoc|iPhone
		{561472F0-DB94-4289-8E61-8975E354E662}.Ad-Hoc|ARM.ActiveCfg = Ad-Hoc|iPhone
		{561472F0-DB94-4289-8E61-8975E354E662}.Ad-Hoc|iPhone.ActiveCfg = Ad-Hoc|iPhone
		{561472F0-DB94-4289-8E61-8975E354E662}.Ad-Hoc|iPhone.Build.0 = Ad-Hoc|iPhone
		{561472F0-DB94-4289-8E61-8975E354E662}.Ad-Hoc|iPhoneSimulator.ActiveCfg = Ad-Hoc|iPhoneSimulator
		{561472F0-DB94-4289-8E61-8975E354E662}.Ad-Hoc|iPhoneSimulator.Build.0 = Ad-Hoc|iPhoneSimulator
		{561472F0-DB94-4289-8E61-8975E354E662}.Ad-Hoc|x64.ActiveCfg = Ad-Hoc|iPhone
		{561472F0-DB94-4289-8E61-8975E354E662}.Ad-Hoc|x86.ActiveCfg = Ad-Hoc|iPhone
		{561472F0-DB94-4289-8E61-8975E354E662}.AppStore|Any CPU.ActiveCfg = AppStore|iPhone
		{561472F0-DB94-4289-8E61-8975E354E662}.AppStore|ARM.ActiveCfg = AppStore|iPhone
		{561472F0-DB94-4289-8E61-8975E354E662}.AppStore|iPhone.ActiveCfg = AppStore|iPhone
		{561472F0-DB94-4289-8E61-8975E354E662}.AppStore|iPhone.Build.0 = AppStore|iPhone
		{561472F0-DB94-4289-8E61-8975E354E662}.AppStore|iPhoneSimulator.ActiveCfg = AppStore|iPhoneSimulator
		{561472F0-DB94-4289-8E61-8975E354E662}.AppStore|iPhoneSimulator.Build.0 = AppStore|iPhoneSimulator
		{561472F0-DB94-4289-8E61-8975E354E662}.AppStore|x64.ActiveCfg = AppStore|iPhone
		{561472F0-DB94-4289-8E61-8975E354E662}.AppStore|x86.ActiveCfg = AppStore|iPhone
		{561472F0-DB94-4289-8E61-8975E354E662}.Debug|Any CPU.ActiveCfg = Debug|iPhone
		{561472F0-DB94-4289-8E61-8975E354E662}.Debug|ARM.ActiveCfg = Debug|iPhone
		{561472F0-DB94-4289-8E61-8975E354E662}.Debug|iPhone.ActiveCfg = Debug|iPhone
		{561472F0-DB94-4289-8E61-8975E354E662}.Debug|iPhone.Build.0 = Debug|iPhone
		{561472F0-DB94-4289-8E61-8975E354E662}.Debug|iPhoneSimulator.ActiveCfg = Debug|iPhoneSimulator
		{561472F0-DB94-4289-8E61-8975E354E662}.Debug|iPhoneSimulator.Build.0 = Debug|iPhoneSimulator
		{561472F0-DB94-4289-8E61-8975E354E662}.Debug|x64.ActiveCfg = Debug|iPhone
		{561472F0-DB94-4289-8E61-8975E354E662}.Debug|x86.ActiveCfg = Debug|iPhone
		{561472F0-DB94-4289-8E61-8975E354E662}.Release|Any CPU.ActiveCfg = Release|iPhone
		{561472F0-DB94-4289-8E61-8975E354E662}.Release|ARM.ActiveCfg = Release|iPhone
		{561472F0-DB94-4289-8E61-8975E354E662}.Release|iPhone.ActiveCfg = Release|iPhone
		{561472F0-DB94-4289-8E61-8975E354E662}.Release|iPhone.Build.0 = Release|iPhone
		{561472F0-DB94-4289-8E61-8975E354E662}.Release|iPhoneSimulator.ActiveCfg = Release|iPhoneSimulator
		{561472F0-DB94-4289-8E61-8975E354E662}.Release|iPhoneSimulator.Build.0 = Release|iPhoneSimulator
		{561472F0-DB94-4289-8E61-8975E354E662}.Release|x64.ActiveCfg = Release|iPhone
		{561472F0-DB94-4289-8E61-8975E354E662}.Release|x86.ActiveCfg = Release|iPhone
		{C5B9725A-A01A-43F8-BEFC-F3FF04C490EC}.Ad-Hoc|Any CPU.ActiveCfg = Release|Any CPU
		{C5B9725A-A01A-43F8-BEFC-F3FF04C490EC}.Ad-Hoc|Any CPU.Build.0 = Release|Any CPU
		{C5B9725A-A01A-43F8-BEFC-F3FF04C490EC}.Ad-Hoc|Any CPU.Deploy.0 = Release|Any CPU
		{C5B9725A-A01A-43F8-BEFC-F3FF04C490EC}.Ad-Hoc|ARM.ActiveCfg = Release|ARM
		{C5B9725A-A01A-43F8-BEFC-F3FF04C490EC}.Ad-Hoc|ARM.Build.0 = Release|ARM
		{C5B9725A-A01A-43F8-BEFC-F3FF04C490EC}.Ad-Hoc|ARM.Deploy.0 = Release|ARM
		{C5B9725A-A01A-43F8-BEFC-F3FF04C490EC}.Ad-Hoc|iPhone.ActiveCfg = Release|Any CPU
		{C5B9725A-A01A-43F8-BEFC-F3FF04C490EC}.Ad-Hoc|iPhone.Build.0 = Release|Any CPU
		{C5B9725A-A01A-43F8-BEFC-F3FF04C490EC}.Ad-Hoc|iPhone.Deploy.0 = Release|Any CPU
		{C5B9725A-A01A-43F8-BEFC-F3FF04C490EC}.Ad-Hoc|iPhoneSimulator.ActiveCfg = Release|Any CPU
		{C5B9725A-A01A-43F8-BEFC-F3FF04C490EC}.Ad-Hoc|iPhoneSimulator.Build.0 = Release|Any CPU
		{C5B9725A-A01A-43F8-BEFC-F3FF04C490EC}.Ad-Hoc|iPhoneSimulator.Deploy.0 = Release|Any CPU
		{C5B9725A-A01A-43F8-BEFC-F3FF04C490EC}.Ad-Hoc|x64.ActiveCfg = Release|Any CPU
		{C5B9725A-A01A-43F8-BEFC-F3FF04C490EC}.Ad-Hoc|x64.Build.0 = Release|Any CPU
		{C5B9725A-A01A-43F8-BEFC-F3FF04C490EC}.Ad-Hoc|x64.Deploy.0 = Release|Any CPU
		{C5B9725A-A01A-43F8-BEFC-F3FF04C490EC}.Ad-Hoc|x86.ActiveCfg = Release|x86
		{C5B9725A-A01A-43F8-BEFC-F3FF04C490EC}.Ad-Hoc|x86.Build.0 = Release|x86
		{C5B9725A-A01A-43F8-BEFC-F3FF04C490EC}.Ad-Hoc|x86.Deploy.0 = Release|x86
		{C5B9725A-A01A-43F8-BEFC-F3FF04C490EC}.AppStore|Any CPU.ActiveCfg = Release|Any CPU
		{C5B9725A-A01A-43F8-BEFC-F3FF04C490EC}.AppStore|Any CPU.Build.0 = Release|Any CPU
		{C5B9725A-A01A-43F8-BEFC-F3FF04C490EC}.AppStore|Any CPU.Deploy.0 = Release|Any CPU
		{C5B9725A-A01A-43F8-BEFC-F3FF04C490EC}.AppStore|ARM.ActiveCfg = Release|ARM
		{C5B9725A-A01A-43F8-BEFC-F3FF04C490EC}.AppStore|ARM.Build.0 = Release|ARM
		{C5B9725A-A01A-43F8-BEFC-F3FF04C490EC}.AppStore|ARM.Deploy.0 = Release|ARM
		{C5B9725A-A01A-43F8-BEFC-F3FF04C490EC}.AppStore|iPhone.ActiveCfg = Release|Any CPU
		{C5B9725A-A01A-43F8-BEFC-F3FF04C490EC}.AppStore|iPhone.Build.0 = Release|Any CPU
		{C5B9725A-A01A-43F8-BEFC-F3FF04C490EC}.AppStore|iPhone.Deploy.0 = Release|Any CPU
		{C5B9725A-A01A-43F8-BEFC-F3FF04C490EC}.AppStore|iPhoneSimulator.ActiveCfg = Release|Any CPU
		{C5B9725A-A01A-43F8-BEFC-F3FF04C490EC}.AppStore|iPhoneSimulator.Build.0 = Release|Any CPU
		{C5B9725A-A01A-43F8-BEFC-F3FF04C490EC}.AppStore|iPhoneSimulator.Deploy.0 = Release|Any CPU
		{C5B9725A-A01A-43F8-BEFC-F3FF04C490EC}.AppStore|x64.ActiveCfg = Release|Any CPU
		{C5B9725A-A01A-43F8-BEFC-F3FF04C490EC}.AppStore|x64.Build.0 = Release|Any CPU
		{C5B9725A-A01A-43F8-BEFC-F3FF04C490EC}.AppStore|x64.Deploy.0 = Release|Any CPU
		{C5B9725A-A01A-43F8-BEFC-F3FF04C490EC}.AppStore|x86.ActiveCfg = Release|x86
		{C5B9725A-A01A-43F8-BEFC-F3FF04C490EC}.AppStore|x86.Build.0 = Release|x86
		{C5B9725A-A01A-43F8-BEFC-F3FF04C490EC}.AppStore|x86.Deploy.0 = Release|x86
		{C5B9725A-A01A-43F8-BEFC-F3FF04C490EC}.Debug|Any CPU.ActiveCfg = Debug|Any CPU
		{C5B9725A-A01A-43F8-BEFC-F3FF04C490EC}.Debug|Any CPU.Build.0 = Debug|Any CPU
		{C5B9725A-A01A-43F8-BEFC-F3FF04C490EC}.Debug|Any CPU.Deploy.0 = Debug|Any CPU
		{C5B9725A-A01A-43F8-BEFC-F3FF04C490EC}.Debug|ARM.ActiveCfg = Debug|ARM
		{C5B9725A-A01A-43F8-BEFC-F3FF04C490EC}.Debug|ARM.Build.0 = Debug|ARM
		{C5B9725A-A01A-43F8-BEFC-F3FF04C490EC}.Debug|ARM.Deploy.0 = Debug|ARM
		{C5B9725A-A01A-43F8-BEFC-F3FF04C490EC}.Debug|iPhone.ActiveCfg = Debug|Any CPU
		{C5B9725A-A01A-43F8-BEFC-F3FF04C490EC}.Debug|iPhone.Build.0 = Debug|Any CPU
		{C5B9725A-A01A-43F8-BEFC-F3FF04C490EC}.Debug|iPhone.Deploy.0 = Debug|Any CPU
		{C5B9725A-A01A-43F8-BEFC-F3FF04C490EC}.Debug|iPhoneSimulator.ActiveCfg = Debug|Any CPU
		{C5B9725A-A01A-43F8-BEFC-F3FF04C490EC}.Debug|iPhoneSimulator.Build.0 = Debug|Any CPU
		{C5B9725A-A01A-43F8-BEFC-F3FF04C490EC}.Debug|iPhoneSimulator.Deploy.0 = Debug|Any CPU
		{C5B9725A-A01A-43F8-BEFC-F3FF04C490EC}.Debug|x64.ActiveCfg = Debug|Any CPU
		{C5B9725A-A01A-43F8-BEFC-F3FF04C490EC}.Debug|x64.Build.0 = Debug|Any CPU
		{C5B9725A-A01A-43F8-BEFC-F3FF04C490EC}.Debug|x64.Deploy.0 = Debug|Any CPU
		{C5B9725A-A01A-43F8-BEFC-F3FF04C490EC}.Debug|x86.ActiveCfg = Debug|x86
		{C5B9725A-A01A-43F8-BEFC-F3FF04C490EC}.Debug|x86.Build.0 = Debug|x86
		{C5B9725A-A01A-43F8-BEFC-F3FF04C490EC}.Debug|x86.Deploy.0 = Debug|x86
		{C5B9725A-A01A-43F8-BEFC-F3FF04C490EC}.Release|Any CPU.ActiveCfg = Release|Any CPU
		{C5B9725A-A01A-43F8-BEFC-F3FF04C490EC}.Release|Any CPU.Build.0 = Release|Any CPU
		{C5B9725A-A01A-43F8-BEFC-F3FF04C490EC}.Release|Any CPU.Deploy.0 = Release|Any CPU
		{C5B9725A-A01A-43F8-BEFC-F3FF04C490EC}.Release|ARM.ActiveCfg = Release|ARM
		{C5B9725A-A01A-43F8-BEFC-F3FF04C490EC}.Release|ARM.Build.0 = Release|ARM
		{C5B9725A-A01A-43F8-BEFC-F3FF04C490EC}.Release|ARM.Deploy.0 = Release|ARM
		{C5B9725A-A01A-43F8-BEFC-F3FF04C490EC}.Release|iPhone.ActiveCfg = Release|Any CPU
		{C5B9725A-A01A-43F8-BEFC-F3FF04C490EC}.Release|iPhone.Build.0 = Release|Any CPU
		{C5B9725A-A01A-43F8-BEFC-F3FF04C490EC}.Release|iPhone.Deploy.0 = Release|Any CPU
		{C5B9725A-A01A-43F8-BEFC-F3FF04C490EC}.Release|iPhoneSimulator.ActiveCfg = Release|Any CPU
		{C5B9725A-A01A-43F8-BEFC-F3FF04C490EC}.Release|iPhoneSimulator.Build.0 = Release|Any CPU
		{C5B9725A-A01A-43F8-BEFC-F3FF04C490EC}.Release|iPhoneSimulator.Deploy.0 = Release|Any CPU
		{C5B9725A-A01A-43F8-BEFC-F3FF04C490EC}.Release|x64.ActiveCfg = Release|Any CPU
		{C5B9725A-A01A-43F8-BEFC-F3FF04C490EC}.Release|x64.Build.0 = Release|Any CPU
		{C5B9725A-A01A-43F8-BEFC-F3FF04C490EC}.Release|x64.Deploy.0 = Release|Any CPU
		{C5B9725A-A01A-43F8-BEFC-F3FF04C490EC}.Release|x86.ActiveCfg = Release|x86
		{C5B9725A-A01A-43F8-BEFC-F3FF04C490EC}.Release|x86.Build.0 = Release|x86
		{C5B9725A-A01A-43F8-BEFC-F3FF04C490EC}.Release|x86.Deploy.0 = Release|x86
		{FFBBFF20-73CF-4C82-A5A7-540AEDAC7056}.Ad-Hoc|Any CPU.ActiveCfg = Release|x86
		{FFBBFF20-73CF-4C82-A5A7-540AEDAC7056}.Ad-Hoc|Any CPU.Build.0 = Release|x86
		{FFBBFF20-73CF-4C82-A5A7-540AEDAC7056}.Ad-Hoc|Any CPU.Deploy.0 = Release|x86
		{FFBBFF20-73CF-4C82-A5A7-540AEDAC7056}.Ad-Hoc|ARM.ActiveCfg = Release|ARM
		{FFBBFF20-73CF-4C82-A5A7-540AEDAC7056}.Ad-Hoc|ARM.Build.0 = Release|ARM
		{FFBBFF20-73CF-4C82-A5A7-540AEDAC7056}.Ad-Hoc|ARM.Deploy.0 = Release|ARM
		{FFBBFF20-73CF-4C82-A5A7-540AEDAC7056}.Ad-Hoc|iPhone.ActiveCfg = Release|x86
		{FFBBFF20-73CF-4C82-A5A7-540AEDAC7056}.Ad-Hoc|iPhone.Build.0 = Release|x86
		{FFBBFF20-73CF-4C82-A5A7-540AEDAC7056}.Ad-Hoc|iPhone.Deploy.0 = Release|x86
		{FFBBFF20-73CF-4C82-A5A7-540AEDAC7056}.Ad-Hoc|iPhoneSimulator.ActiveCfg = Release|x86
		{FFBBFF20-73CF-4C82-A5A7-540AEDAC7056}.Ad-Hoc|iPhoneSimulator.Build.0 = Release|x86
		{FFBBFF20-73CF-4C82-A5A7-540AEDAC7056}.Ad-Hoc|iPhoneSimulator.Deploy.0 = Release|x86
		{FFBBFF20-73CF-4C82-A5A7-540AEDAC7056}.Ad-Hoc|x64.ActiveCfg = Release|x64
		{FFBBFF20-73CF-4C82-A5A7-540AEDAC7056}.Ad-Hoc|x64.Build.0 = Release|x64
		{FFBBFF20-73CF-4C82-A5A7-540AEDAC7056}.Ad-Hoc|x64.Deploy.0 = Release|x64
		{FFBBFF20-73CF-4C82-A5A7-540AEDAC7056}.Ad-Hoc|x86.ActiveCfg = Release|x86
		{FFBBFF20-73CF-4C82-A5A7-540AEDAC7056}.Ad-Hoc|x86.Build.0 = Release|x86
		{FFBBFF20-73CF-4C82-A5A7-540AEDAC7056}.Ad-Hoc|x86.Deploy.0 = Release|x86
		{FFBBFF20-73CF-4C82-A5A7-540AEDAC7056}.AppStore|Any CPU.ActiveCfg = Release|x86
		{FFBBFF20-73CF-4C82-A5A7-540AEDAC7056}.AppStore|Any CPU.Build.0 = Release|x86
		{FFBBFF20-73CF-4C82-A5A7-540AEDAC7056}.AppStore|Any CPU.Deploy.0 = Release|x86
		{FFBBFF20-73CF-4C82-A5A7-540AEDAC7056}.AppStore|ARM.ActiveCfg = Release|ARM
		{FFBBFF20-73CF-4C82-A5A7-540AEDAC7056}.AppStore|ARM.Build.0 = Release|ARM
		{FFBBFF20-73CF-4C82-A5A7-540AEDAC7056}.AppStore|ARM.Deploy.0 = Release|ARM
		{FFBBFF20-73CF-4C82-A5A7-540AEDAC7056}.AppStore|iPhone.ActiveCfg = Release|x86
		{FFBBFF20-73CF-4C82-A5A7-540AEDAC7056}.AppStore|iPhone.Build.0 = Release|x86
		{FFBBFF20-73CF-4C82-A5A7-540AEDAC7056}.AppStore|iPhone.Deploy.0 = Release|x86
		{FFBBFF20-73CF-4C82-A5A7-540AEDAC7056}.AppStore|iPhoneSimulator.ActiveCfg = Release|x86
		{FFBBFF20-73CF-4C82-A5A7-540AEDAC7056}.AppStore|iPhoneSimulator.Build.0 = Release|x86
		{FFBBFF20-73CF-4C82-A5A7-540AEDAC7056}.AppStore|iPhoneSimulator.Deploy.0 = Release|x86
		{FFBBFF20-73CF-4C82-A5A7-540AEDAC7056}.AppStore|x64.ActiveCfg = Release|x64
		{FFBBFF20-73CF-4C82-A5A7-540AEDAC7056}.AppStore|x64.Build.0 = Release|x64
		{FFBBFF20-73CF-4C82-A5A7-540AEDAC7056}.AppStore|x64.Deploy.0 = Release|x64
		{FFBBFF20-73CF-4C82-A5A7-540AEDAC7056}.AppStore|x86.ActiveCfg = Release|x86
		{FFBBFF20-73CF-4C82-A5A7-540AEDAC7056}.AppStore|x86.Build.0 = Release|x86
		{FFBBFF20-73CF-4C82-A5A7-540AEDAC7056}.AppStore|x86.Deploy.0 = Release|x86
		{FFBBFF20-73CF-4C82-A5A7-540AEDAC7056}.Debug|Any CPU.ActiveCfg = Debug|x86
		{FFBBFF20-73CF-4C82-A5A7-540AEDAC7056}.Debug|ARM.ActiveCfg = Debug|ARM
		{FFBBFF20-73CF-4C82-A5A7-540AEDAC7056}.Debug|ARM.Build.0 = Debug|ARM
		{FFBBFF20-73CF-4C82-A5A7-540AEDAC7056}.Debug|ARM.Deploy.0 = Debug|ARM
		{FFBBFF20-73CF-4C82-A5A7-540AEDAC7056}.Debug|iPhone.ActiveCfg = Debug|x86
		{FFBBFF20-73CF-4C82-A5A7-540AEDAC7056}.Debug|iPhoneSimulator.ActiveCfg = Debug|x86
		{FFBBFF20-73CF-4C82-A5A7-540AEDAC7056}.Debug|x64.ActiveCfg = Debug|x64
		{FFBBFF20-73CF-4C82-A5A7-540AEDAC7056}.Debug|x64.Build.0 = Debug|x64
		{FFBBFF20-73CF-4C82-A5A7-540AEDAC7056}.Debug|x64.Deploy.0 = Debug|x64
		{FFBBFF20-73CF-4C82-A5A7-540AEDAC7056}.Debug|x86.ActiveCfg = Debug|x86
		{FFBBFF20-73CF-4C82-A5A7-540AEDAC7056}.Debug|x86.Build.0 = Debug|x86
		{FFBBFF20-73CF-4C82-A5A7-540AEDAC7056}.Debug|x86.Deploy.0 = Debug|x86
		{FFBBFF20-73CF-4C82-A5A7-540AEDAC7056}.Release|Any CPU.ActiveCfg = Release|x86
		{FFBBFF20-73CF-4C82-A5A7-540AEDAC7056}.Release|ARM.ActiveCfg = Release|ARM
		{FFBBFF20-73CF-4C82-A5A7-540AEDAC7056}.Release|ARM.Build.0 = Release|ARM
		{FFBBFF20-73CF-4C82-A5A7-540AEDAC7056}.Release|ARM.Deploy.0 = Release|ARM
		{FFBBFF20-73CF-4C82-A5A7-540AEDAC7056}.Release|iPhone.ActiveCfg = Release|x86
		{FFBBFF20-73CF-4C82-A5A7-540AEDAC7056}.Release|iPhoneSimulator.ActiveCfg = Release|x86
		{FFBBFF20-73CF-4C82-A5A7-540AEDAC7056}.Release|x64.ActiveCfg = Release|x64
		{FFBBFF20-73CF-4C82-A5A7-540AEDAC7056}.Release|x64.Build.0 = Release|x64
		{FFBBFF20-73CF-4C82-A5A7-540AEDAC7056}.Release|x64.Deploy.0 = Release|x64
		{FFBBFF20-73CF-4C82-A5A7-540AEDAC7056}.Release|x86.ActiveCfg = Release|x86
		{FFBBFF20-73CF-4C82-A5A7-540AEDAC7056}.Release|x86.Build.0 = Release|x86
		{FFBBFF20-73CF-4C82-A5A7-540AEDAC7056}.Release|x86.Deploy.0 = Release|x86
		{61DBFF9B-25F3-4186-AC6B-9EF5A2F4D83E}.Ad-Hoc|Any CPU.ActiveCfg = Release|Any CPU
		{61DBFF9B-25F3-4186-AC6B-9EF5A2F4D83E}.Ad-Hoc|Any CPU.Build.0 = Release|Any CPU
		{61DBFF9B-25F3-4186-AC6B-9EF5A2F4D83E}.Ad-Hoc|Any CPU.Deploy.0 = Release|Any CPU
		{61DBFF9B-25F3-4186-AC6B-9EF5A2F4D83E}.Ad-Hoc|ARM.ActiveCfg = Release|ARM
		{61DBFF9B-25F3-4186-AC6B-9EF5A2F4D83E}.Ad-Hoc|ARM.Build.0 = Release|ARM
		{61DBFF9B-25F3-4186-AC6B-9EF5A2F4D83E}.Ad-Hoc|ARM.Deploy.0 = Release|ARM
		{61DBFF9B-25F3-4186-AC6B-9EF5A2F4D83E}.Ad-Hoc|iPhone.ActiveCfg = Release|Any CPU
		{61DBFF9B-25F3-4186-AC6B-9EF5A2F4D83E}.Ad-Hoc|iPhone.Build.0 = Release|Any CPU
		{61DBFF9B-25F3-4186-AC6B-9EF5A2F4D83E}.Ad-Hoc|iPhone.Deploy.0 = Release|Any CPU
		{61DBFF9B-25F3-4186-AC6B-9EF5A2F4D83E}.Ad-Hoc|iPhoneSimulator.ActiveCfg = Release|Any CPU
		{61DBFF9B-25F3-4186-AC6B-9EF5A2F4D83E}.Ad-Hoc|iPhoneSimulator.Build.0 = Release|Any CPU
		{61DBFF9B-25F3-4186-AC6B-9EF5A2F4D83E}.Ad-Hoc|iPhoneSimulator.Deploy.0 = Release|Any CPU
		{61DBFF9B-25F3-4186-AC6B-9EF5A2F4D83E}.Ad-Hoc|x64.ActiveCfg = Release|x64
		{61DBFF9B-25F3-4186-AC6B-9EF5A2F4D83E}.Ad-Hoc|x64.Build.0 = Release|x64
		{61DBFF9B-25F3-4186-AC6B-9EF5A2F4D83E}.Ad-Hoc|x64.Deploy.0 = Release|x64
		{61DBFF9B-25F3-4186-AC6B-9EF5A2F4D83E}.Ad-Hoc|x86.ActiveCfg = Release|x86
		{61DBFF9B-25F3-4186-AC6B-9EF5A2F4D83E}.Ad-Hoc|x86.Build.0 = Release|x86
		{61DBFF9B-25F3-4186-AC6B-9EF5A2F4D83E}.Ad-Hoc|x86.Deploy.0 = Release|x86
		{61DBFF9B-25F3-4186-AC6B-9EF5A2F4D83E}.AppStore|Any CPU.ActiveCfg = Release|Any CPU
		{61DBFF9B-25F3-4186-AC6B-9EF5A2F4D83E}.AppStore|Any CPU.Build.0 = Release|Any CPU
		{61DBFF9B-25F3-4186-AC6B-9EF5A2F4D83E}.AppStore|Any CPU.Deploy.0 = Release|Any CPU
		{61DBFF9B-25F3-4186-AC6B-9EF5A2F4D83E}.AppStore|ARM.ActiveCfg = Release|ARM
		{61DBFF9B-25F3-4186-AC6B-9EF5A2F4D83E}.AppStore|ARM.Build.0 = Release|ARM
		{61DBFF9B-25F3-4186-AC6B-9EF5A2F4D83E}.AppStore|ARM.Deploy.0 = Release|ARM
		{61DBFF9B-25F3-4186-AC6B-9EF5A2F4D83E}.AppStore|iPhone.ActiveCfg = Release|Any CPU
		{61DBFF9B-25F3-4186-AC6B-9EF5A2F4D83E}.AppStore|iPhone.Build.0 = Release|Any CPU
		{61DBFF9B-25F3-4186-AC6B-9EF5A2F4D83E}.AppStore|iPhone.Deploy.0 = Release|Any CPU
		{61DBFF9B-25F3-4186-AC6B-9EF5A2F4D83E}.AppStore|iPhoneSimulator.ActiveCfg = Release|Any CPU
		{61DBFF9B-25F3-4186-AC6B-9EF5A2F4D83E}.AppStore|iPhoneSimulator.Build.0 = Release|Any CPU
		{61DBFF9B-25F3-4186-AC6B-9EF5A2F4D83E}.AppStore|iPhoneSimulator.Deploy.0 = Release|Any CPU
		{61DBFF9B-25F3-4186-AC6B-9EF5A2F4D83E}.AppStore|x64.ActiveCfg = Release|x64
		{61DBFF9B-25F3-4186-AC6B-9EF5A2F4D83E}.AppStore|x64.Build.0 = Release|x64
		{61DBFF9B-25F3-4186-AC6B-9EF5A2F4D83E}.AppStore|x64.Deploy.0 = Release|x64
		{61DBFF9B-25F3-4186-AC6B-9EF5A2F4D83E}.AppStore|x86.ActiveCfg = Release|x86
		{61DBFF9B-25F3-4186-AC6B-9EF5A2F4D83E}.AppStore|x86.Build.0 = Release|x86
		{61DBFF9B-25F3-4186-AC6B-9EF5A2F4D83E}.AppStore|x86.Deploy.0 = Release|x86
		{61DBFF9B-25F3-4186-AC6B-9EF5A2F4D83E}.Debug|Any CPU.ActiveCfg = Debug|Any CPU
		{61DBFF9B-25F3-4186-AC6B-9EF5A2F4D83E}.Debug|Any CPU.Build.0 = Debug|Any CPU
		{61DBFF9B-25F3-4186-AC6B-9EF5A2F4D83E}.Debug|Any CPU.Deploy.0 = Debug|Any CPU
		{61DBFF9B-25F3-4186-AC6B-9EF5A2F4D83E}.Debug|ARM.ActiveCfg = Debug|ARM
		{61DBFF9B-25F3-4186-AC6B-9EF5A2F4D83E}.Debug|ARM.Build.0 = Debug|ARM
		{61DBFF9B-25F3-4186-AC6B-9EF5A2F4D83E}.Debug|ARM.Deploy.0 = Debug|ARM
		{61DBFF9B-25F3-4186-AC6B-9EF5A2F4D83E}.Debug|iPhone.ActiveCfg = Debug|Any CPU
		{61DBFF9B-25F3-4186-AC6B-9EF5A2F4D83E}.Debug|iPhone.Build.0 = Debug|Any CPU
		{61DBFF9B-25F3-4186-AC6B-9EF5A2F4D83E}.Debug|iPhone.Deploy.0 = Debug|Any CPU
		{61DBFF9B-25F3-4186-AC6B-9EF5A2F4D83E}.Debug|iPhoneSimulator.ActiveCfg = Debug|Any CPU
		{61DBFF9B-25F3-4186-AC6B-9EF5A2F4D83E}.Debug|iPhoneSimulator.Build.0 = Debug|Any CPU
		{61DBFF9B-25F3-4186-AC6B-9EF5A2F4D83E}.Debug|iPhoneSimulator.Deploy.0 = Debug|Any CPU
		{61DBFF9B-25F3-4186-AC6B-9EF5A2F4D83E}.Debug|x64.ActiveCfg = Debug|x64
		{61DBFF9B-25F3-4186-AC6B-9EF5A2F4D83E}.Debug|x64.Build.0 = Debug|x64
		{61DBFF9B-25F3-4186-AC6B-9EF5A2F4D83E}.Debug|x64.Deploy.0 = Debug|x64
		{61DBFF9B-25F3-4186-AC6B-9EF5A2F4D83E}.Debug|x86.ActiveCfg = Debug|x86
		{61DBFF9B-25F3-4186-AC6B-9EF5A2F4D83E}.Debug|x86.Build.0 = Debug|x86
		{61DBFF9B-25F3-4186-AC6B-9EF5A2F4D83E}.Debug|x86.Deploy.0 = Debug|x86
		{61DBFF9B-25F3-4186-AC6B-9EF5A2F4D83E}.Release|Any CPU.ActiveCfg = Release|Any CPU
		{61DBFF9B-25F3-4186-AC6B-9EF5A2F4D83E}.Release|Any CPU.Build.0 = Release|Any CPU
		{61DBFF9B-25F3-4186-AC6B-9EF5A2F4D83E}.Release|Any CPU.Deploy.0 = Release|Any CPU
		{61DBFF9B-25F3-4186-AC6B-9EF5A2F4D83E}.Release|ARM.ActiveCfg = Release|ARM
		{61DBFF9B-25F3-4186-AC6B-9EF5A2F4D83E}.Release|ARM.Build.0 = Release|ARM
		{61DBFF9B-25F3-4186-AC6B-9EF5A2F4D83E}.Release|ARM.Deploy.0 = Release|ARM
		{61DBFF9B-25F3-4186-AC6B-9EF5A2F4D83E}.Release|iPhone.ActiveCfg = Release|Any CPU
		{61DBFF9B-25F3-4186-AC6B-9EF5A2F4D83E}.Release|iPhone.Build.0 = Release|Any CPU
		{61DBFF9B-25F3-4186-AC6B-9EF5A2F4D83E}.Release|iPhone.Deploy.0 = Release|Any CPU
		{61DBFF9B-25F3-4186-AC6B-9EF5A2F4D83E}.Release|iPhoneSimulator.ActiveCfg = Release|Any CPU
		{61DBFF9B-25F3-4186-AC6B-9EF5A2F4D83E}.Release|iPhoneSimulator.Build.0 = Release|Any CPU
		{61DBFF9B-25F3-4186-AC6B-9EF5A2F4D83E}.Release|iPhoneSimulator.Deploy.0 = Release|Any CPU
		{61DBFF9B-25F3-4186-AC6B-9EF5A2F4D83E}.Release|x64.ActiveCfg = Release|x64
		{61DBFF9B-25F3-4186-AC6B-9EF5A2F4D83E}.Release|x64.Build.0 = Release|x64
		{61DBFF9B-25F3-4186-AC6B-9EF5A2F4D83E}.Release|x64.Deploy.0 = Release|x64
		{61DBFF9B-25F3-4186-AC6B-9EF5A2F4D83E}.Release|x86.ActiveCfg = Release|x86
		{61DBFF9B-25F3-4186-AC6B-9EF5A2F4D83E}.Release|x86.Build.0 = Release|x86
		{61DBFF9B-25F3-4186-AC6B-9EF5A2F4D83E}.Release|x86.Deploy.0 = Release|x86
		{67F9D3A8-F71E-4428-913F-C37AE82CDB24}.Ad-Hoc|Any CPU.ActiveCfg = Release|Any CPU
		{67F9D3A8-F71E-4428-913F-C37AE82CDB24}.Ad-Hoc|Any CPU.Build.0 = Release|Any CPU
		{67F9D3A8-F71E-4428-913F-C37AE82CDB24}.Ad-Hoc|ARM.ActiveCfg = Release|Any CPU
		{67F9D3A8-F71E-4428-913F-C37AE82CDB24}.Ad-Hoc|ARM.Build.0 = Release|Any CPU
		{67F9D3A8-F71E-4428-913F-C37AE82CDB24}.Ad-Hoc|iPhone.ActiveCfg = Release|Any CPU
		{67F9D3A8-F71E-4428-913F-C37AE82CDB24}.Ad-Hoc|iPhone.Build.0 = Release|Any CPU
		{67F9D3A8-F71E-4428-913F-C37AE82CDB24}.Ad-Hoc|iPhoneSimulator.ActiveCfg = Release|Any CPU
		{67F9D3A8-F71E-4428-913F-C37AE82CDB24}.Ad-Hoc|iPhoneSimulator.Build.0 = Release|Any CPU
		{67F9D3A8-F71E-4428-913F-C37AE82CDB24}.Ad-Hoc|x64.ActiveCfg = Release|Any CPU
		{67F9D3A8-F71E-4428-913F-C37AE82CDB24}.Ad-Hoc|x64.Build.0 = Release|Any CPU
		{67F9D3A8-F71E-4428-913F-C37AE82CDB24}.Ad-Hoc|x86.ActiveCfg = Release|Any CPU
		{67F9D3A8-F71E-4428-913F-C37AE82CDB24}.Ad-Hoc|x86.Build.0 = Release|Any CPU
		{67F9D3A8-F71E-4428-913F-C37AE82CDB24}.AppStore|Any CPU.ActiveCfg = Release|Any CPU
		{67F9D3A8-F71E-4428-913F-C37AE82CDB24}.AppStore|Any CPU.Build.0 = Release|Any CPU
		{67F9D3A8-F71E-4428-913F-C37AE82CDB24}.AppStore|ARM.ActiveCfg = Release|Any CPU
		{67F9D3A8-F71E-4428-913F-C37AE82CDB24}.AppStore|ARM.Build.0 = Release|Any CPU
		{67F9D3A8-F71E-4428-913F-C37AE82CDB24}.AppStore|iPhone.ActiveCfg = Release|Any CPU
		{67F9D3A8-F71E-4428-913F-C37AE82CDB24}.AppStore|iPhone.Build.0 = Release|Any CPU
		{67F9D3A8-F71E-4428-913F-C37AE82CDB24}.AppStore|iPhoneSimulator.ActiveCfg = Release|Any CPU
		{67F9D3A8-F71E-4428-913F-C37AE82CDB24}.AppStore|iPhoneSimulator.Build.0 = Release|Any CPU
		{67F9D3A8-F71E-4428-913F-C37AE82CDB24}.AppStore|x64.ActiveCfg = Release|Any CPU
		{67F9D3A8-F71E-4428-913F-C37AE82CDB24}.AppStore|x64.Build.0 = Release|Any CPU
		{67F9D3A8-F71E-4428-913F-C37AE82CDB24}.AppStore|x86.ActiveCfg = Release|Any CPU
		{67F9D3A8-F71E-4428-913F-C37AE82CDB24}.AppStore|x86.Build.0 = Release|Any CPU
		{67F9D3A8-F71E-4428-913F-C37AE82CDB24}.Debug|Any CPU.ActiveCfg = Debug|Any CPU
		{67F9D3A8-F71E-4428-913F-C37AE82CDB24}.Debug|Any CPU.Build.0 = Debug|Any CPU
		{67F9D3A8-F71E-4428-913F-C37AE82CDB24}.Debug|ARM.ActiveCfg = Debug|Any CPU
		{67F9D3A8-F71E-4428-913F-C37AE82CDB24}.Debug|ARM.Build.0 = Debug|Any CPU
		{67F9D3A8-F71E-4428-913F-C37AE82CDB24}.Debug|iPhone.ActiveCfg = Debug|Any CPU
		{67F9D3A8-F71E-4428-913F-C37AE82CDB24}.Debug|iPhone.Build.0 = Debug|Any CPU
		{67F9D3A8-F71E-4428-913F-C37AE82CDB24}.Debug|iPhoneSimulator.ActiveCfg = Debug|Any CPU
		{67F9D3A8-F71E-4428-913F-C37AE82CDB24}.Debug|iPhoneSimulator.Build.0 = Debug|Any CPU
		{67F9D3A8-F71E-4428-913F-C37AE82CDB24}.Debug|x64.ActiveCfg = Debug|Any CPU
		{67F9D3A8-F71E-4428-913F-C37AE82CDB24}.Debug|x64.Build.0 = Debug|Any CPU
		{67F9D3A8-F71E-4428-913F-C37AE82CDB24}.Debug|x86.ActiveCfg = Debug|Any CPU
		{67F9D3A8-F71E-4428-913F-C37AE82CDB24}.Debug|x86.Build.0 = Debug|Any CPU
		{67F9D3A8-F71E-4428-913F-C37AE82CDB24}.Release|Any CPU.ActiveCfg = Release|Any CPU
		{67F9D3A8-F71E-4428-913F-C37AE82CDB24}.Release|Any CPU.Build.0 = Release|Any CPU
		{67F9D3A8-F71E-4428-913F-C37AE82CDB24}.Release|ARM.ActiveCfg = Release|Any CPU
		{67F9D3A8-F71E-4428-913F-C37AE82CDB24}.Release|ARM.Build.0 = Release|Any CPU
		{67F9D3A8-F71E-4428-913F-C37AE82CDB24}.Release|iPhone.ActiveCfg = Release|Any CPU
		{67F9D3A8-F71E-4428-913F-C37AE82CDB24}.Release|iPhone.Build.0 = Release|Any CPU
		{67F9D3A8-F71E-4428-913F-C37AE82CDB24}.Release|iPhoneSimulator.ActiveCfg = Release|Any CPU
		{67F9D3A8-F71E-4428-913F-C37AE82CDB24}.Release|iPhoneSimulator.Build.0 = Release|Any CPU
		{67F9D3A8-F71E-4428-913F-C37AE82CDB24}.Release|x64.ActiveCfg = Release|Any CPU
		{67F9D3A8-F71E-4428-913F-C37AE82CDB24}.Release|x64.Build.0 = Release|Any CPU
		{67F9D3A8-F71E-4428-913F-C37AE82CDB24}.Release|x86.ActiveCfg = Release|Any CPU
		{67F9D3A8-F71E-4428-913F-C37AE82CDB24}.Release|x86.Build.0 = Release|Any CPU
	EndGlobalSection
	GlobalSection(SolutionProperties) = preSolution
		HideSolutionNode = FALSE
	EndGlobalSection
EndGlobal
